
Microsoft Visual Studio Solution File, Format Version 12.00
# Visual Studio Version 16
VisualStudioVersion = 16.0.29613.14
MinimumVisualStudioVersion = 10.0.40219.1
Project("{FAE04EC0-301F-11D3-BF4B-00C04F79EFBC}") = "Transports.Desktop", "Transports.Desktop\Transports.Desktop.csproj", "{88A3F5F4-B454-45D9-B496-A68F25957563}"
EndProject
Project("{FAE04EC0-301F-11D3-BF4B-00C04F79EFBC}") = "Transports.Web.Forms", "Transports.Web.Forms\Transports.Web.Forms.csproj", "{4E13489C-6A3A-45B7-B78E-D3BFB1F35E44}"
EndProject
Project("{FAE04EC0-301F-11D3-BF4B-00C04F79EFBC}") = "Transports.Core", "Transports.Core\Transports.Core.csproj", "{3D3D0DDB-ACE3-4328-AB1B-253ED94F6D65}"
EndProject
Project("{FAE04EC0-301F-11D3-BF4B-00C04F79EFBC}") = "Transports.Web.RESTfullWCF", "Transports.Web.RESTfullWCF\Transports.Web.RESTfullWCF.csproj", "{76F0461F-EF17-469A-8D4F-DA8D152EAEB2}"
EndProject
Project("{FAE04EC0-301F-11D3-BF4B-00C04F79EFBC}") = "Transports.WCF.Service", "Transports.WCF.Service\Transports.WCF.Service.csproj", "{A9B8E9E3-4BED-4033-9D19-45B7CBC4A8D8}"
	ProjectSection(ProjectDependencies) = postProject
		{3D3D0DDB-ACE3-4328-AB1B-253ED94F6D65} = {3D3D0DDB-ACE3-4328-AB1B-253ED94F6D65}
	EndProjectSection
EndProject
Project("{FAE04EC0-301F-11D3-BF4B-00C04F79EFBC}") = "Transports.Tests", "Transports.Tests\Transports.Tests.csproj", "{DA2BAF95-5B68-4F0C-B60E-FD159DDD7715}"
EndProject
Project("{FAE04EC0-301F-11D3-BF4B-00C04F79EFBC}") = "Transports.WebAPI", "Transports.WebAPI\Transports.WebAPI.csproj", "{B82173E6-6B50-4C8E-9B78-BE9728C290E7}"
EndProject
Global
	GlobalSection(SolutionConfigurationPlatforms) = preSolution
		Debug|Any CPU = Debug|Any CPU
		Release|Any CPU = Release|Any CPU
	EndGlobalSection
	GlobalSection(ProjectConfigurationPlatforms) = postSolution
		{88A3F5F4-B454-45D9-B496-A68F25957563}.Debug|Any CPU.ActiveCfg = Debug|Any CPU
		{88A3F5F4-B454-45D9-B496-A68F25957563}.Debug|Any CPU.Build.0 = Debug|Any CPU
		{88A3F5F4-B454-45D9-B496-A68F25957563}.Release|Any CPU.ActiveCfg = Release|Any CPU
		{88A3F5F4-B454-45D9-B496-A68F25957563}.Release|Any CPU.Build.0 = Release|Any CPU
		{4E13489C-6A3A-45B7-B78E-D3BFB1F35E44}.Debug|Any CPU.ActiveCfg = Debug|Any CPU
		{4E13489C-6A3A-45B7-B78E-D3BFB1F35E44}.Debug|Any CPU.Build.0 = Debug|Any CPU
		{4E13489C-6A3A-45B7-B78E-D3BFB1F35E44}.Release|Any CPU.ActiveCfg = Release|Any CPU
		{4E13489C-6A3A-45B7-B78E-D3BFB1F35E44}.Release|Any CPU.Build.0 = Release|Any CPU
		{3D3D0DDB-ACE3-4328-AB1B-253ED94F6D65}.Debug|Any CPU.ActiveCfg = Debug|Any CPU
		{3D3D0DDB-ACE3-4328-AB1B-253ED94F6D65}.Debug|Any CPU.Build.0 = Debug|Any CPU
		{3D3D0DDB-ACE3-4328-AB1B-253ED94F6D65}.Release|Any CPU.ActiveCfg = Release|Any CPU
		{3D3D0DDB-ACE3-4328-AB1B-253ED94F6D65}.Release|Any CPU.Build.0 = Release|Any CPU
		{76F0461F-EF17-469A-8D4F-DA8D152EAEB2}.Debug|Any CPU.ActiveCfg = Debug|Any CPU
		{76F0461F-EF17-469A-8D4F-DA8D152EAEB2}.Debug|Any CPU.Build.0 = Debug|Any CPU
		{76F0461F-EF17-469A-8D4F-DA8D152EAEB2}.Release|Any CPU.ActiveCfg = Release|Any CPU
		{76F0461F-EF17-469A-8D4F-DA8D152EAEB2}.Release|Any CPU.Build.0 = Release|Any CPU
		{A9B8E9E3-4BED-4033-9D19-45B7CBC4A8D8}.Debug|Any CPU.ActiveCfg = Debug|Any CPU
		{A9B8E9E3-4BED-4033-9D19-45B7CBC4A8D8}.Debug|Any CPU.Build.0 = Debug|Any CPU
		{A9B8E9E3-4BED-4033-9D19-45B7CBC4A8D8}.Release|Any CPU.ActiveCfg = Release|Any CPU
		{A9B8E9E3-4BED-4033-9D19-45B7CBC4A8D8}.Release|Any CPU.Build.0 = Release|Any CPU
		{DA2BAF95-5B68-4F0C-B60E-FD159DDD7715}.Debug|Any CPU.ActiveCfg = Debug|Any CPU
		{DA2BAF95-5B68-4F0C-B60E-FD159DDD7715}.Debug|Any CPU.Build.0 = Debug|Any CPU
		{DA2BAF95-5B68-4F0C-B60E-FD159DDD7715}.Release|Any CPU.ActiveCfg = Release|Any CPU
		{DA2BAF95-5B68-4F0C-B60E-FD159DDD7715}.Release|Any CPU.Build.0 = Release|Any CPU
		{B82173E6-6B50-4C8E-9B78-BE9728C290E7}.Debug|Any CPU.ActiveCfg = Debug|Any CPU
		{B82173E6-6B50-4C8E-9B78-BE9728C290E7}.Debug|Any CPU.Build.0 = Debug|Any CPU
		{B82173E6-6B50-4C8E-9B78-BE9728C290E7}.Release|Any CPU.ActiveCfg = Release|Any CPU
		{B82173E6-6B50-4C8E-9B78-BE9728C290E7}.Release|Any CPU.Build.0 = Release|Any CPU
	EndGlobalSection
	GlobalSection(SolutionProperties) = preSolution
		HideSolutionNode = FALSE
	EndGlobalSection
	GlobalSection(ExtensibilityGlobals) = postSolution
		SolutionGuid = {2704E0D4-9C2C-4724-8DFB-35950A1FB533}
	EndGlobalSection
EndGlobal
